
Microsoft Visual Studio Solution File, Format Version 12.00
# Visual Studio Version 17
VisualStudioVersion = 17.4.33205.214
MinimumVisualStudioVersion = 10.0.40219.1
Project("{9A19103F-16F7-4668-BE54-9A1E7A4F7556}") = "CompanyEmployees", "src\CompanyEmployees\CompanyEmployees.csproj", "{0746762C-124D-490D-9FF4-BD4B8F78E704}"
EndProject
Project("{2150E333-8FDC-42A3-9474-1A3956D46DE8}") = "Solution Items", "Solution Items", "{02876841-E83F-42AF-8027-C8B099756C20}"
	ProjectSection(SolutionItems) = preProject
		.editorconfig = .editorconfig
	EndProjectSection
EndProject
Project("{9A19103F-16F7-4668-BE54-9A1E7A4F7556}") = "MiddlewareExample", "src\MiddlewareExample\MiddlewareExample.csproj", "{31737275-4358-4775-AE65-CB29F4E7CAF8}"
EndProject
Project("{2150E333-8FDC-42A3-9474-1A3956D46DE8}") = "Examples", "Examples", "{8D93DD8F-141F-4598-8F9E-63A1E0DA138F}"
EndProject
Project("{9A19103F-16F7-4668-BE54-9A1E7A4F7556}") = "Contracts", "src\Contracts\Contracts.csproj", "{46DAF496-A889-4D72-8234-75337CB97C1D}"
EndProject
Project("{9A19103F-16F7-4668-BE54-9A1E7A4F7556}") = "LoggerService", "src\LoggerService\LoggerService.csproj", "{026DC480-79D1-4A13-B9FD-19697C6AA631}"
EndProject
Project("{9A19103F-16F7-4668-BE54-9A1E7A4F7556}") = "Entities", "src\Entities\Entities.csproj", "{7126CD18-CD31-4111-9D9E-4F32F3BE6263}"
EndProject
Project("{9A19103F-16F7-4668-BE54-9A1E7A4F7556}") = "Repository", "src\Repository\Repository.csproj", "{FE782585-B260-4ADF-9000-1D76B719B3E4}"
EndProject
Project("{FAE04EC0-301F-11D3-BF4B-00C04F79EFBC}") = "Service.Contracts", "src\Service.Contracts\Service.Contracts.csproj", "{D1B23A5A-983B-464D-BD53-9A7CE823D1A0}"
EndProject
Project("{FAE04EC0-301F-11D3-BF4B-00C04F79EFBC}") = "Service", "src\Service\Service.csproj", "{0D24E771-D638-48A0-8F75-07C966B484C3}"
EndProject
Global
	GlobalSection(SolutionConfigurationPlatforms) = preSolution
		Debug|Any CPU = Debug|Any CPU
		Release|Any CPU = Release|Any CPU
	EndGlobalSection
	GlobalSection(ProjectConfigurationPlatforms) = postSolution
		{0746762C-124D-490D-9FF4-BD4B8F78E704}.Debug|Any CPU.ActiveCfg = Debug|Any CPU
		{0746762C-124D-490D-9FF4-BD4B8F78E704}.Debug|Any CPU.Build.0 = Debug|Any CPU
		{0746762C-124D-490D-9FF4-BD4B8F78E704}.Release|Any CPU.ActiveCfg = Release|Any CPU
		{0746762C-124D-490D-9FF4-BD4B8F78E704}.Release|Any CPU.Build.0 = Release|Any CPU
		{31737275-4358-4775-AE65-CB29F4E7CAF8}.Debug|Any CPU.ActiveCfg = Debug|Any CPU
		{31737275-4358-4775-AE65-CB29F4E7CAF8}.Debug|Any CPU.Build.0 = Debug|Any CPU
		{31737275-4358-4775-AE65-CB29F4E7CAF8}.Release|Any CPU.ActiveCfg = Release|Any CPU
		{31737275-4358-4775-AE65-CB29F4E7CAF8}.Release|Any CPU.Build.0 = Release|Any CPU
		{46DAF496-A889-4D72-8234-75337CB97C1D}.Debug|Any CPU.ActiveCfg = Debug|Any CPU
		{46DAF496-A889-4D72-8234-75337CB97C1D}.Debug|Any CPU.Build.0 = Debug|Any CPU
		{46DAF496-A889-4D72-8234-75337CB97C1D}.Release|Any CPU.ActiveCfg = Release|Any CPU
		{46DAF496-A889-4D72-8234-75337CB97C1D}.Release|Any CPU.Build.0 = Release|Any CPU
		{026DC480-79D1-4A13-B9FD-19697C6AA631}.Debug|Any CPU.ActiveCfg = Debug|Any CPU
		{026DC480-79D1-4A13-B9FD-19697C6AA631}.Debug|Any CPU.Build.0 = Debug|Any CPU
		{026DC480-79D1-4A13-B9FD-19697C6AA631}.Release|Any CPU.ActiveCfg = Release|Any CPU
		{026DC480-79D1-4A13-B9FD-19697C6AA631}.Release|Any CPU.Build.0 = Release|Any CPU
		{7126CD18-CD31-4111-9D9E-4F32F3BE6263}.Debug|Any CPU.ActiveCfg = Debug|Any CPU
		{7126CD18-CD31-4111-9D9E-4F32F3BE6263}.Debug|Any CPU.Build.0 = Debug|Any CPU
		{7126CD18-CD31-4111-9D9E-4F32F3BE6263}.Release|Any CPU.ActiveCfg = Release|Any CPU
		{7126CD18-CD31-4111-9D9E-4F32F3BE6263}.Release|Any CPU.Build.0 = Release|Any CPU
		{FE782585-B260-4ADF-9000-1D76B719B3E4}.Debug|Any CPU.ActiveCfg = Debug|Any CPU
		{FE782585-B260-4ADF-9000-1D76B719B3E4}.Debug|Any CPU.Build.0 = Debug|Any CPU
		{FE782585-B260-4ADF-9000-1D76B719B3E4}.Release|Any CPU.ActiveCfg = Release|Any CPU
		{FE782585-B260-4ADF-9000-1D76B719B3E4}.Release|Any CPU.Build.0 = Release|Any CPU
		{D1B23A5A-983B-464D-BD53-9A7CE823D1A0}.Debug|Any CPU.ActiveCfg = Debug|Any CPU
		{D1B23A5A-983B-464D-BD53-9A7CE823D1A0}.Debug|Any CPU.Build.0 = Debug|Any CPU
		{D1B23A5A-983B-464D-BD53-9A7CE823D1A0}.Release|Any CPU.ActiveCfg = Release|Any CPU
		{D1B23A5A-983B-464D-BD53-9A7CE823D1A0}.Release|Any CPU.Build.0 = Release|Any CPU
		{0D24E771-D638-48A0-8F75-07C966B484C3}.Debug|Any CPU.ActiveCfg = Debug|Any CPU
		{0D24E771-D638-48A0-8F75-07C966B484C3}.Debug|Any CPU.Build.0 = Debug|Any CPU
		{0D24E771-D638-48A0-8F75-07C966B484C3}.Release|Any CPU.ActiveCfg = Release|Any CPU
		{0D24E771-D638-48A0-8F75-07C966B484C3}.Release|Any CPU.Build.0 = Release|Any CPU
	EndGlobalSection
	GlobalSection(SolutionProperties) = preSolution
		HideSolutionNode = FALSE
	EndGlobalSection
	GlobalSection(NestedProjects) = preSolution
		{31737275-4358-4775-AE65-CB29F4E7CAF8} = {8D93DD8F-141F-4598-8F9E-63A1E0DA138F}
	EndGlobalSection
	GlobalSection(ExtensibilityGlobals) = postSolution
		SolutionGuid = {4D9468CD-5201-4D94-B997-34677570A180}
	EndGlobalSection
EndGlobal
