
Microsoft Visual Studio Solution File, Format Version 12.00
# Visual Studio Version 17
VisualStudioVersion = 17.4.33205.214
MinimumVisualStudioVersion = 10.0.40219.1
Project("{FAE04EC0-301F-11D3-BF4B-00C04F79EFBC}") = "CompanyEmployees", "src\CompanyEmployees\CompanyEmployees.csproj", "{0746762C-124D-490D-9FF4-BD4B8F78E704}"
EndProject
Project("{2150E333-8FDC-42A3-9474-1A3956D46DE8}") = "Solution Items", "Solution Items", "{02876841-E83F-42AF-8027-C8B099756C20}"
	ProjectSection(SolutionItems) = preProject
		.editorconfig = .editorconfig
	EndProjectSection
EndProject
Project("{FAE04EC0-301F-11D3-BF4B-00C04F79EFBC}") = "MiddlewareExample", "src\MiddlewareExample\MiddlewareExample.csproj", "{31737275-4358-4775-AE65-CB29F4E7CAF8}"
EndProject
Global
	GlobalSection(SolutionConfigurationPlatforms) = preSolution
		Debug|Any CPU = Debug|Any CPU
		Release|Any CPU = Release|Any CPU
	EndGlobalSection
	GlobalSection(ProjectConfigurationPlatforms) = postSolution
		{0746762C-124D-490D-9FF4-BD4B8F78E704}.Debug|Any CPU.ActiveCfg = Debug|Any CPU
		{0746762C-124D-490D-9FF4-BD4B8F78E704}.Debug|Any CPU.Build.0 = Debug|Any CPU
		{0746762C-124D-490D-9FF4-BD4B8F78E704}.Release|Any CPU.ActiveCfg = Release|Any CPU
		{0746762C-124D-490D-9FF4-BD4B8F78E704}.Release|Any CPU.Build.0 = Release|Any CPU
		{31737275-4358-4775-AE65-CB29F4E7CAF8}.Debug|Any CPU.ActiveCfg = Debug|Any CPU
		{31737275-4358-4775-AE65-CB29F4E7CAF8}.Debug|Any CPU.Build.0 = Debug|Any CPU
		{31737275-4358-4775-AE65-CB29F4E7CAF8}.Release|Any CPU.ActiveCfg = Release|Any CPU
		{31737275-4358-4775-AE65-CB29F4E7CAF8}.Release|Any CPU.Build.0 = Release|Any CPU
	EndGlobalSection
	GlobalSection(SolutionProperties) = preSolution
		HideSolutionNode = FALSE
	EndGlobalSection
	GlobalSection(ExtensibilityGlobals) = postSolution
		SolutionGuid = {4D9468CD-5201-4D94-B997-34677570A180}
	EndGlobalSection
EndGlobal
